
Microsoft Visual Studio Solution File, Format Version 12.00
# Visual Studio Version 16
VisualStudioVersion = 16.0.31911.196
MinimumVisualStudioVersion = 10.0.40219.1
Project("{9A19103F-16F7-4668-BE54-9A1E7A4F7556}") = "AOC01", "AOC01\AOC01.csproj", "{95620B62-F5F1-4A4A-BFF3-9193BCC9F9B0}"
EndProject
Project("{9A19103F-16F7-4668-BE54-9A1E7A4F7556}") = "AOC02", "AOC02\AOC02.csproj", "{636EE4AB-E3E9-4E56-BF35-4AD385B7FC66}"
EndProject
Project("{9A19103F-16F7-4668-BE54-9A1E7A4F7556}") = "AOC03", "AOC03\AOC03.csproj", "{653905F4-618D-4F33-8110-ECB9EBB3F3C0}"
EndProject
Project("{9A19103F-16F7-4668-BE54-9A1E7A4F7556}") = "AOC04", "AOC04\AOC04.csproj", "{3C5B232E-679E-4A93-BD84-88C5C6120802}"
EndProject
Project("{9A19103F-16F7-4668-BE54-9A1E7A4F7556}") = "AOC05", "AOC05\AOC05.csproj", "{C0F0062E-E80C-4264-8C4F-4EA3F1341D3D}"
EndProject
Project("{9A19103F-16F7-4668-BE54-9A1E7A4F7556}") = "AOC06", "AOC06\AOC06.csproj", "{08DE59E6-B312-40FE-8907-53CDF9C057A4}"
EndProject
Project("{9A19103F-16F7-4668-BE54-9A1E7A4F7556}") = "AOC07", "AOC07\AOC07.csproj", "{6457051E-02EB-48EF-9FD0-0EB7A744FCBE}"
EndProject
Project("{9A19103F-16F7-4668-BE54-9A1E7A4F7556}") = "AOC08", "AOC08\AOC08.csproj", "{6EF6CD19-EA43-49BA-AAD7-0ABC93BA3552}"
EndProject
Project("{9A19103F-16F7-4668-BE54-9A1E7A4F7556}") = "AOC09", "AOC09\AOC09.csproj", "{8AAB88B8-887C-483C-9652-70F40A4831FD}"
EndProject
Project("{9A19103F-16F7-4668-BE54-9A1E7A4F7556}") = "AOC10", "AOC10\AOC10.csproj", "{730A71F9-5673-4396-B645-8059AD0AE6D9}"
EndProject
Project("{9A19103F-16F7-4668-BE54-9A1E7A4F7556}") = "AOC11", "AOC11\AOC11.csproj", "{574BBB2B-491A-4F15-A9F6-1FC9FFEB5908}"
EndProject
Project("{9A19103F-16F7-4668-BE54-9A1E7A4F7556}") = "AOC12", "AOC12\AOC12.csproj", "{DDAC332C-CB7E-4096-86AE-603BA5FBD1B3}"
EndProject
Project("{9A19103F-16F7-4668-BE54-9A1E7A4F7556}") = "AOC13", "AOC13\AOC13.csproj", "{D11B6472-D54A-40E3-BD68-FB2DEF745136}"
EndProject
Project("{9A19103F-16F7-4668-BE54-9A1E7A4F7556}") = "AOC14", "AOC14\AOC14.csproj", "{4311B703-104E-4DA1-B14B-3AEC2FF2D2E4}"
EndProject
Project("{9A19103F-16F7-4668-BE54-9A1E7A4F7556}") = "AOC15", "AOC15\AOC15.csproj", "{9DC066AF-2C71-420E-873E-A79E86BE6C68}"
EndProject
Project("{9A19103F-16F7-4668-BE54-9A1E7A4F7556}") = "AOC16", "AOC16\AOC16.csproj", "{37CCE0A6-E0D1-4853-83DF-4D7AD5CDB6D5}"
EndProject
Project("{9A19103F-16F7-4668-BE54-9A1E7A4F7556}") = "AOC17", "AOC17\AOC17.csproj", "{6B87DB00-082E-4F1F-AB80-432E6772F0FE}"
EndProject
Project("{9A19103F-16F7-4668-BE54-9A1E7A4F7556}") = "AOC20", "AOC20\AOC20.csproj", "{5A638B5C-3804-44CD-A6D2-494568A67555}"
EndProject
Project("{FAE04EC0-301F-11D3-BF4B-00C04F79EFBC}") = "AOC21", "AOC21\AOC21.csproj", "{2A0D1DD2-9A7B-4648-A011-CED90FACED85}"
EndProject
Global
	GlobalSection(SolutionConfigurationPlatforms) = preSolution
		Debug|Any CPU = Debug|Any CPU
		Release|Any CPU = Release|Any CPU
	EndGlobalSection
	GlobalSection(ProjectConfigurationPlatforms) = postSolution
		{95620B62-F5F1-4A4A-BFF3-9193BCC9F9B0}.Debug|Any CPU.ActiveCfg = Debug|Any CPU
		{95620B62-F5F1-4A4A-BFF3-9193BCC9F9B0}.Debug|Any CPU.Build.0 = Debug|Any CPU
		{95620B62-F5F1-4A4A-BFF3-9193BCC9F9B0}.Release|Any CPU.ActiveCfg = Release|Any CPU
		{95620B62-F5F1-4A4A-BFF3-9193BCC9F9B0}.Release|Any CPU.Build.0 = Release|Any CPU
		{636EE4AB-E3E9-4E56-BF35-4AD385B7FC66}.Debug|Any CPU.ActiveCfg = Debug|Any CPU
		{636EE4AB-E3E9-4E56-BF35-4AD385B7FC66}.Debug|Any CPU.Build.0 = Debug|Any CPU
		{636EE4AB-E3E9-4E56-BF35-4AD385B7FC66}.Release|Any CPU.ActiveCfg = Release|Any CPU
		{636EE4AB-E3E9-4E56-BF35-4AD385B7FC66}.Release|Any CPU.Build.0 = Release|Any CPU
		{653905F4-618D-4F33-8110-ECB9EBB3F3C0}.Debug|Any CPU.ActiveCfg = Debug|Any CPU
		{653905F4-618D-4F33-8110-ECB9EBB3F3C0}.Debug|Any CPU.Build.0 = Debug|Any CPU
		{653905F4-618D-4F33-8110-ECB9EBB3F3C0}.Release|Any CPU.ActiveCfg = Release|Any CPU
		{653905F4-618D-4F33-8110-ECB9EBB3F3C0}.Release|Any CPU.Build.0 = Release|Any CPU
		{3C5B232E-679E-4A93-BD84-88C5C6120802}.Debug|Any CPU.ActiveCfg = Debug|Any CPU
		{3C5B232E-679E-4A93-BD84-88C5C6120802}.Debug|Any CPU.Build.0 = Debug|Any CPU
		{3C5B232E-679E-4A93-BD84-88C5C6120802}.Release|Any CPU.ActiveCfg = Release|Any CPU
		{3C5B232E-679E-4A93-BD84-88C5C6120802}.Release|Any CPU.Build.0 = Release|Any CPU
		{C0F0062E-E80C-4264-8C4F-4EA3F1341D3D}.Debug|Any CPU.ActiveCfg = Debug|Any CPU
		{C0F0062E-E80C-4264-8C4F-4EA3F1341D3D}.Debug|Any CPU.Build.0 = Debug|Any CPU
		{C0F0062E-E80C-4264-8C4F-4EA3F1341D3D}.Release|Any CPU.ActiveCfg = Release|Any CPU
		{C0F0062E-E80C-4264-8C4F-4EA3F1341D3D}.Release|Any CPU.Build.0 = Release|Any CPU
		{08DE59E6-B312-40FE-8907-53CDF9C057A4}.Debug|Any CPU.ActiveCfg = Debug|Any CPU
		{08DE59E6-B312-40FE-8907-53CDF9C057A4}.Debug|Any CPU.Build.0 = Debug|Any CPU
		{08DE59E6-B312-40FE-8907-53CDF9C057A4}.Release|Any CPU.ActiveCfg = Release|Any CPU
		{08DE59E6-B312-40FE-8907-53CDF9C057A4}.Release|Any CPU.Build.0 = Release|Any CPU
		{6457051E-02EB-48EF-9FD0-0EB7A744FCBE}.Debug|Any CPU.ActiveCfg = Debug|Any CPU
		{6457051E-02EB-48EF-9FD0-0EB7A744FCBE}.Debug|Any CPU.Build.0 = Debug|Any CPU
		{6457051E-02EB-48EF-9FD0-0EB7A744FCBE}.Release|Any CPU.ActiveCfg = Release|Any CPU
		{6457051E-02EB-48EF-9FD0-0EB7A744FCBE}.Release|Any CPU.Build.0 = Release|Any CPU
		{6EF6CD19-EA43-49BA-AAD7-0ABC93BA3552}.Debug|Any CPU.ActiveCfg = Debug|Any CPU
		{6EF6CD19-EA43-49BA-AAD7-0ABC93BA3552}.Debug|Any CPU.Build.0 = Debug|Any CPU
		{6EF6CD19-EA43-49BA-AAD7-0ABC93BA3552}.Release|Any CPU.ActiveCfg = Release|Any CPU
		{6EF6CD19-EA43-49BA-AAD7-0ABC93BA3552}.Release|Any CPU.Build.0 = Release|Any CPU
		{8AAB88B8-887C-483C-9652-70F40A4831FD}.Debug|Any CPU.ActiveCfg = Debug|Any CPU
		{8AAB88B8-887C-483C-9652-70F40A4831FD}.Debug|Any CPU.Build.0 = Debug|Any CPU
		{8AAB88B8-887C-483C-9652-70F40A4831FD}.Release|Any CPU.ActiveCfg = Release|Any CPU
		{8AAB88B8-887C-483C-9652-70F40A4831FD}.Release|Any CPU.Build.0 = Release|Any CPU
		{730A71F9-5673-4396-B645-8059AD0AE6D9}.Debug|Any CPU.ActiveCfg = Debug|Any CPU
		{730A71F9-5673-4396-B645-8059AD0AE6D9}.Debug|Any CPU.Build.0 = Debug|Any CPU
		{730A71F9-5673-4396-B645-8059AD0AE6D9}.Release|Any CPU.ActiveCfg = Release|Any CPU
		{730A71F9-5673-4396-B645-8059AD0AE6D9}.Release|Any CPU.Build.0 = Release|Any CPU
		{574BBB2B-491A-4F15-A9F6-1FC9FFEB5908}.Debug|Any CPU.ActiveCfg = Debug|Any CPU
		{574BBB2B-491A-4F15-A9F6-1FC9FFEB5908}.Debug|Any CPU.Build.0 = Debug|Any CPU
		{574BBB2B-491A-4F15-A9F6-1FC9FFEB5908}.Release|Any CPU.ActiveCfg = Release|Any CPU
		{574BBB2B-491A-4F15-A9F6-1FC9FFEB5908}.Release|Any CPU.Build.0 = Release|Any CPU
		{DDAC332C-CB7E-4096-86AE-603BA5FBD1B3}.Debug|Any CPU.ActiveCfg = Debug|Any CPU
		{DDAC332C-CB7E-4096-86AE-603BA5FBD1B3}.Debug|Any CPU.Build.0 = Debug|Any CPU
		{DDAC332C-CB7E-4096-86AE-603BA5FBD1B3}.Release|Any CPU.ActiveCfg = Release|Any CPU
		{DDAC332C-CB7E-4096-86AE-603BA5FBD1B3}.Release|Any CPU.Build.0 = Release|Any CPU
		{D11B6472-D54A-40E3-BD68-FB2DEF745136}.Debug|Any CPU.ActiveCfg = Debug|Any CPU
		{D11B6472-D54A-40E3-BD68-FB2DEF745136}.Debug|Any CPU.Build.0 = Debug|Any CPU
		{D11B6472-D54A-40E3-BD68-FB2DEF745136}.Release|Any CPU.ActiveCfg = Release|Any CPU
		{D11B6472-D54A-40E3-BD68-FB2DEF745136}.Release|Any CPU.Build.0 = Release|Any CPU
		{4311B703-104E-4DA1-B14B-3AEC2FF2D2E4}.Debug|Any CPU.ActiveCfg = Debug|Any CPU
		{4311B703-104E-4DA1-B14B-3AEC2FF2D2E4}.Debug|Any CPU.Build.0 = Debug|Any CPU
		{4311B703-104E-4DA1-B14B-3AEC2FF2D2E4}.Release|Any CPU.ActiveCfg = Release|Any CPU
		{4311B703-104E-4DA1-B14B-3AEC2FF2D2E4}.Release|Any CPU.Build.0 = Release|Any CPU
		{9DC066AF-2C71-420E-873E-A79E86BE6C68}.Debug|Any CPU.ActiveCfg = Debug|Any CPU
		{9DC066AF-2C71-420E-873E-A79E86BE6C68}.Debug|Any CPU.Build.0 = Debug|Any CPU
		{9DC066AF-2C71-420E-873E-A79E86BE6C68}.Release|Any CPU.ActiveCfg = Release|Any CPU
		{9DC066AF-2C71-420E-873E-A79E86BE6C68}.Release|Any CPU.Build.0 = Release|Any CPU
		{37CCE0A6-E0D1-4853-83DF-4D7AD5CDB6D5}.Debug|Any CPU.ActiveCfg = Debug|Any CPU
		{37CCE0A6-E0D1-4853-83DF-4D7AD5CDB6D5}.Debug|Any CPU.Build.0 = Debug|Any CPU
		{37CCE0A6-E0D1-4853-83DF-4D7AD5CDB6D5}.Release|Any CPU.ActiveCfg = Release|Any CPU
		{37CCE0A6-E0D1-4853-83DF-4D7AD5CDB6D5}.Release|Any CPU.Build.0 = Release|Any CPU
		{6B87DB00-082E-4F1F-AB80-432E6772F0FE}.Debug|Any CPU.ActiveCfg = Debug|Any CPU
		{6B87DB00-082E-4F1F-AB80-432E6772F0FE}.Debug|Any CPU.Build.0 = Debug|Any CPU
		{6B87DB00-082E-4F1F-AB80-432E6772F0FE}.Release|Any CPU.ActiveCfg = Release|Any CPU
		{6B87DB00-082E-4F1F-AB80-432E6772F0FE}.Release|Any CPU.Build.0 = Release|Any CPU
		{5A638B5C-3804-44CD-A6D2-494568A67555}.Debug|Any CPU.ActiveCfg = Debug|Any CPU
		{5A638B5C-3804-44CD-A6D2-494568A67555}.Debug|Any CPU.Build.0 = Debug|Any CPU
		{5A638B5C-3804-44CD-A6D2-494568A67555}.Release|Any CPU.ActiveCfg = Release|Any CPU
		{5A638B5C-3804-44CD-A6D2-494568A67555}.Release|Any CPU.Build.0 = Release|Any CPU
		{2A0D1DD2-9A7B-4648-A011-CED90FACED85}.Debug|Any CPU.ActiveCfg = Debug|Any CPU
		{2A0D1DD2-9A7B-4648-A011-CED90FACED85}.Debug|Any CPU.Build.0 = Debug|Any CPU
		{2A0D1DD2-9A7B-4648-A011-CED90FACED85}.Release|Any CPU.ActiveCfg = Release|Any CPU
		{2A0D1DD2-9A7B-4648-A011-CED90FACED85}.Release|Any CPU.Build.0 = Release|Any CPU
	EndGlobalSection
	GlobalSection(SolutionProperties) = preSolution
		HideSolutionNode = FALSE
	EndGlobalSection
	GlobalSection(ExtensibilityGlobals) = postSolution
		SolutionGuid = {1A00D6DB-ADF2-4122-9BFC-52EE1AC60B2C}
	EndGlobalSection
EndGlobal
