
Microsoft Visual Studio Solution File, Format Version 12.00
# Visual Studio Version 16
VisualStudioVersion = 16.0.31911.196
MinimumVisualStudioVersion = 10.0.40219.1
Project("{9A19103F-16F7-4668-BE54-9A1E7A4F7556}") = "AOC1", "AOC1\AOC1.csproj", "{9539CEE0-591E-4147-82AD-1B1CA28FAC63}"
EndProject
Project("{9A19103F-16F7-4668-BE54-9A1E7A4F7556}") = "AOC2", "AOC2\AOC2.csproj", "{3B06E237-1F89-4F12-8C27-4DAC20537C2E}"
EndProject
Project("{9A19103F-16F7-4668-BE54-9A1E7A4F7556}") = "AOC3", "AOC3\AOC3.csproj", "{66AD7A58-B253-438B-AEBF-E3011878AF1E}"
EndProject
Project("{9A19103F-16F7-4668-BE54-9A1E7A4F7556}") = "AOC4", "AOC4\AOC4.csproj", "{DE993AFC-DAB6-43E9-BEC2-DD1CE398977F}"
EndProject
Project("{9A19103F-16F7-4668-BE54-9A1E7A4F7556}") = "AOC5", "AOC5\AOC5.csproj", "{29D738EA-2A01-4224-B40D-08F8D91F9166}"
EndProject
Project("{9A19103F-16F7-4668-BE54-9A1E7A4F7556}") = "AOC6", "AOC6\AOC6.csproj", "{DE4E32E1-4F66-4C87-A0B0-3E42EC51F592}"
EndProject
Project("{FAE04EC0-301F-11D3-BF4B-00C04F79EFBC}") = "AOC7", "AOC7\AOC7.csproj", "{999C39F1-4E4D-434D-8A49-AFFFC207D11A}"
EndProject
Project("{FAE04EC0-301F-11D3-BF4B-00C04F79EFBC}") = "AOC8", "AOC8\AOC8.csproj", "{20499D5B-6566-490B-8D96-7B46F9A357AB}"
EndProject
Project("{FAE04EC0-301F-11D3-BF4B-00C04F79EFBC}") = "AOC9", "AOC9\AOC9.csproj", "{37B26678-6DD1-42A2-A7BE-7EC353EDB4A1}"
EndProject
Global
	GlobalSection(SolutionConfigurationPlatforms) = preSolution
		Debug|Any CPU = Debug|Any CPU
		Release|Any CPU = Release|Any CPU
	EndGlobalSection
	GlobalSection(ProjectConfigurationPlatforms) = postSolution
		{9539CEE0-591E-4147-82AD-1B1CA28FAC63}.Debug|Any CPU.ActiveCfg = Debug|Any CPU
		{9539CEE0-591E-4147-82AD-1B1CA28FAC63}.Debug|Any CPU.Build.0 = Debug|Any CPU
		{9539CEE0-591E-4147-82AD-1B1CA28FAC63}.Release|Any CPU.ActiveCfg = Release|Any CPU
		{9539CEE0-591E-4147-82AD-1B1CA28FAC63}.Release|Any CPU.Build.0 = Release|Any CPU
		{3B06E237-1F89-4F12-8C27-4DAC20537C2E}.Debug|Any CPU.ActiveCfg = Debug|Any CPU
		{3B06E237-1F89-4F12-8C27-4DAC20537C2E}.Debug|Any CPU.Build.0 = Debug|Any CPU
		{3B06E237-1F89-4F12-8C27-4DAC20537C2E}.Release|Any CPU.ActiveCfg = Release|Any CPU
		{3B06E237-1F89-4F12-8C27-4DAC20537C2E}.Release|Any CPU.Build.0 = Release|Any CPU
		{66AD7A58-B253-438B-AEBF-E3011878AF1E}.Debug|Any CPU.ActiveCfg = Debug|Any CPU
		{66AD7A58-B253-438B-AEBF-E3011878AF1E}.Debug|Any CPU.Build.0 = Debug|Any CPU
		{66AD7A58-B253-438B-AEBF-E3011878AF1E}.Release|Any CPU.ActiveCfg = Release|Any CPU
		{66AD7A58-B253-438B-AEBF-E3011878AF1E}.Release|Any CPU.Build.0 = Release|Any CPU
		{DE993AFC-DAB6-43E9-BEC2-DD1CE398977F}.Debug|Any CPU.ActiveCfg = Debug|Any CPU
		{DE993AFC-DAB6-43E9-BEC2-DD1CE398977F}.Debug|Any CPU.Build.0 = Debug|Any CPU
		{DE993AFC-DAB6-43E9-BEC2-DD1CE398977F}.Release|Any CPU.ActiveCfg = Release|Any CPU
		{DE993AFC-DAB6-43E9-BEC2-DD1CE398977F}.Release|Any CPU.Build.0 = Release|Any CPU
		{29D738EA-2A01-4224-B40D-08F8D91F9166}.Debug|Any CPU.ActiveCfg = Debug|Any CPU
		{29D738EA-2A01-4224-B40D-08F8D91F9166}.Debug|Any CPU.Build.0 = Debug|Any CPU
		{29D738EA-2A01-4224-B40D-08F8D91F9166}.Release|Any CPU.ActiveCfg = Release|Any CPU
		{29D738EA-2A01-4224-B40D-08F8D91F9166}.Release|Any CPU.Build.0 = Release|Any CPU
		{DE4E32E1-4F66-4C87-A0B0-3E42EC51F592}.Debug|Any CPU.ActiveCfg = Debug|Any CPU
		{DE4E32E1-4F66-4C87-A0B0-3E42EC51F592}.Debug|Any CPU.Build.0 = Debug|Any CPU
		{DE4E32E1-4F66-4C87-A0B0-3E42EC51F592}.Release|Any CPU.ActiveCfg = Release|Any CPU
		{DE4E32E1-4F66-4C87-A0B0-3E42EC51F592}.Release|Any CPU.Build.0 = Release|Any CPU
		{999C39F1-4E4D-434D-8A49-AFFFC207D11A}.Debug|Any CPU.ActiveCfg = Debug|Any CPU
		{999C39F1-4E4D-434D-8A49-AFFFC207D11A}.Debug|Any CPU.Build.0 = Debug|Any CPU
		{999C39F1-4E4D-434D-8A49-AFFFC207D11A}.Release|Any CPU.ActiveCfg = Release|Any CPU
		{999C39F1-4E4D-434D-8A49-AFFFC207D11A}.Release|Any CPU.Build.0 = Release|Any CPU
		{20499D5B-6566-490B-8D96-7B46F9A357AB}.Debug|Any CPU.ActiveCfg = Debug|Any CPU
		{20499D5B-6566-490B-8D96-7B46F9A357AB}.Debug|Any CPU.Build.0 = Debug|Any CPU
		{20499D5B-6566-490B-8D96-7B46F9A357AB}.Release|Any CPU.ActiveCfg = Release|Any CPU
		{20499D5B-6566-490B-8D96-7B46F9A357AB}.Release|Any CPU.Build.0 = Release|Any CPU
		{37B26678-6DD1-42A2-A7BE-7EC353EDB4A1}.Debug|Any CPU.ActiveCfg = Debug|Any CPU
		{37B26678-6DD1-42A2-A7BE-7EC353EDB4A1}.Debug|Any CPU.Build.0 = Debug|Any CPU
		{37B26678-6DD1-42A2-A7BE-7EC353EDB4A1}.Release|Any CPU.ActiveCfg = Release|Any CPU
		{37B26678-6DD1-42A2-A7BE-7EC353EDB4A1}.Release|Any CPU.Build.0 = Release|Any CPU
	EndGlobalSection
	GlobalSection(SolutionProperties) = preSolution
		HideSolutionNode = FALSE
	EndGlobalSection
	GlobalSection(ExtensibilityGlobals) = postSolution
		SolutionGuid = {1A00D6DB-ADF2-4122-9BFC-52EE1AC60B2C}
	EndGlobalSection
EndGlobal
